
Microsoft Visual Studio Solution File, Format Version 12.00
# Visual Studio Version 17
VisualStudioVersion = 17.0.32014.148
MinimumVisualStudioVersion = 10.0.40219.1
Project("{9A19103F-16F7-4668-BE54-9A1E7A4F7556}") = "escuelaproyect", "WebApiAutoresClase\escuelaproyect.csproj", "{D81C0900-534D-47F3-A78F-6AA9B8B0039C}"
EndProject
Global
	GlobalSection(SolutionConfigurationPlatforms) = preSolution
		Debug|Any CPU = Debug|Any CPU
		Release|Any CPU = Release|Any CPU
	EndGlobalSection
	GlobalSection(ProjectConfigurationPlatforms) = postSolution
		{D81C0900-534D-47F3-A78F-6AA9B8B0039C}.Debug|Any CPU.ActiveCfg = Debug|Any CPU
		{D81C0900-534D-47F3-A78F-6AA9B8B0039C}.Debug|Any CPU.Build.0 = Debug|Any CPU
		{D81C0900-534D-47F3-A78F-6AA9B8B0039C}.Release|Any CPU.ActiveCfg = Release|Any CPU
		{D81C0900-534D-47F3-A78F-6AA9B8B0039C}.Release|Any CPU.Build.0 = Release|Any CPU
	EndGlobalSection
	GlobalSection(SolutionProperties) = preSolution
		HideSolutionNode = FALSE
	EndGlobalSection
	GlobalSection(ExtensibilityGlobals) = postSolution
		SolutionGuid = {12BD6E58-B368-426B-8E92-042761437652}
	EndGlobalSection
EndGlobal
